{
  "version": 4,
  "terraform_version": "0.12.21",
  "serial": 18,
  "lineage": "58f85178-6e8d-b0e7-e897-c5055f0ec181",
  "outputs": {
    "aws_subnet_1a": {
      "value": "subnet-0ac749aa53aa8dab9",
      "type": "string"
    },
    "aws_subnet_1b": {
      "value": "subnet-04872f88b4d25314a",
      "type": "string"
    },
    "aws_subnet_1c": {
      "value": "subnet-0e607f14ce3ca93d3",
      "type": "string"
    },
    "aws_vpc_name": {
      "value": "vpc-0a52713ccd32ed5f3",
      "type": "string"
    },
    "ops_stream_alb_hostname": {
      "value": "ops-stream-1605619007.ap-southeast-1.elb.amazonaws.com",
      "type": "string"
    }
  },
  "resources": [
    {
      "mode": "data",
      "type": "aws_iam_policy_document",
      "name": "ops_stream_ecs_role",
      "provider": "provider.aws",
      "instances": [
        {
          "schema_version": 0,
          "attributes": {
            "id": "320642683",
            "json": "{\n  \"Version\": \"2012-10-17\",\n  \"Statement\": [\n    {\n      \"Sid\": \"\",\n      \"Effect\": \"Allow\",\n      \"Action\": \"sts:AssumeRole\",\n      \"Principal\": {\n        \"Service\": \"ecs-tasks.amazonaws.com\"\n      }\n    }\n  ]\n}",
            "override_json": null,
            "policy_id": null,
            "source_json": null,
            "statement": [
              {
                "actions": [
                  "sts:AssumeRole"
                ],
                "condition": [],
                "effect": "Allow",
                "not_actions": [],
                "not_principals": [],
                "not_resources": [],
                "principals": [
                  {
                    "identifiers": [
                      "ecs-tasks.amazonaws.com"
                    ],
                    "type": "Service"
                  }
                ],
                "resources": [],
                "sid": ""
              }
            ],
            "version": "2012-10-17"
          }
        }
      ]
    },
    {
      "mode": "data",
      "type": "aws_subnet",
      "name": "public_1a",
      "provider": "provider.aws",
      "instances": [
        {
          "schema_version": 0,
          "attributes": {
            "arn": "arn:aws:ec2:ap-southeast-1:466551463358:subnet/subnet-0ac749aa53aa8dab9",
            "assign_ipv6_address_on_creation": false,
            "availability_zone": "ap-southeast-1a",
            "availability_zone_id": "apse1-az1",
            "cidr_block": "172.10.3.0/24",
            "default_for_az": false,
            "filter": [
              {
                "name": "availability-zone",
                "values": [
                  "ap-southeast-1a"
                ]
              },
              {
                "name": "tag:Name",
                "values": [
                  "dev-data-stream-public-subnet"
                ]
              }
            ],
            "id": "subnet-0ac749aa53aa8dab9",
            "ipv6_cidr_block": null,
            "ipv6_cidr_block_association_id": null,
            "map_public_ip_on_launch": true,
            "owner_id": "466551463358",
            "state": "available",
            "tags": {
              "Name": "dev-data-stream-public-subnet"
            },
            "vpc_id": "vpc-0a52713ccd32ed5f3"
          }
        }
      ]
    },
    {
      "mode": "data",
      "type": "aws_subnet",
      "name": "public_1b",
      "provider": "provider.aws",
      "instances": [
        {
          "schema_version": 0,
          "attributes": {
            "arn": "arn:aws:ec2:ap-southeast-1:466551463358:subnet/subnet-04872f88b4d25314a",
            "assign_ipv6_address_on_creation": false,
            "availability_zone": "ap-southeast-1b",
            "availability_zone_id": "apse1-az2",
            "cidr_block": "172.10.4.0/24",
            "default_for_az": false,
            "filter": [
              {
                "name": "availability-zone",
                "values": [
                  "ap-southeast-1b"
                ]
              },
              {
                "name": "tag:Name",
                "values": [
                  "dev-data-stream-public-subnet"
                ]
              }
            ],
            "id": "subnet-04872f88b4d25314a",
            "ipv6_cidr_block": null,
            "ipv6_cidr_block_association_id": null,
            "map_public_ip_on_launch": true,
            "owner_id": "466551463358",
            "state": "available",
            "tags": {
              "Name": "dev-data-stream-public-subnet"
            },
            "vpc_id": "vpc-0a52713ccd32ed5f3"
          }
        }
      ]
    },
    {
      "mode": "data",
      "type": "aws_subnet",
      "name": "public_1c",
      "provider": "provider.aws",
      "instances": [
        {
          "schema_version": 0,
          "attributes": {
            "arn": "arn:aws:ec2:ap-southeast-1:466551463358:subnet/subnet-0e607f14ce3ca93d3",
            "assign_ipv6_address_on_creation": false,
            "availability_zone": "ap-southeast-1c",
            "availability_zone_id": "apse1-az3",
            "cidr_block": "172.10.5.0/24",
            "default_for_az": false,
            "filter": [
              {
                "name": "availability-zone",
                "values": [
                  "ap-southeast-1c"
                ]
              },
              {
                "name": "tag:Name",
                "values": [
                  "dev-data-stream-public-subnet"
                ]
              }
            ],
            "id": "subnet-0e607f14ce3ca93d3",
            "ipv6_cidr_block": null,
            "ipv6_cidr_block_association_id": null,
            "map_public_ip_on_launch": true,
            "owner_id": "466551463358",
            "state": "available",
            "tags": {
              "Name": "dev-data-stream-public-subnet"
            },
            "vpc_id": "vpc-0a52713ccd32ed5f3"
          }
        }
      ]
    },
    {
      "mode": "data",
      "type": "aws_vpc",
      "name": "main",
      "provider": "provider.aws",
      "instances": [
        {
          "schema_version": 0,
          "attributes": {
            "arn": "arn:aws:ec2:ap-southeast-1:466551463358:vpc/vpc-0a52713ccd32ed5f3",
            "cidr_block": "172.10.0.0/16",
            "cidr_block_associations": [
              {
                "association_id": "vpc-cidr-assoc-0124e5082cbfa95c1",
                "cidr_block": "172.10.0.0/16",
                "state": "associated"
              }
            ],
            "default": false,
            "dhcp_options_id": "dopt-e7ca3c80",
            "enable_dns_hostnames": false,
            "enable_dns_support": true,
            "filter": [
              {
                "name": "tag:Name",
                "values": [
                  "dev-data-stream-vpc"
                ]
              }
            ],
            "id": "vpc-0a52713ccd32ed5f3",
            "instance_tenancy": "default",
            "ipv6_association_id": null,
            "ipv6_cidr_block": null,
            "main_route_table_id": "rtb-03da5a17ac036e683",
            "owner_id": "466551463358",
            "state": "available",
            "tags": {
              "Name": "dev-data-stream-vpc"
            }
          }
        }
      ]
    },
    {
      "mode": "data",
      "type": "template_file",
      "name": "ops_stream_app",
      "provider": "provider.template",
      "instances": [
        {
          "schema_version": 0,
          "attributes": {
            "filename": null,
            "id": "9cf68fc2f377eae8f48fefec917d3dfd88672d19d0a65ab37b6d5d2ae80e6420",
            "rendered": "[\n  {\n    \"name\": \"ops-stream-app\",\n    \"image\": \"466551463358.dkr.ecr.ap-southeast-1.amazonaws.com/dev-ops-stream:2.0.0\",\n    \"cpu\": 1024,\n    \"memory\": 2048,\n    \"networkMode\": \"awsvpc\",\n    \"environment\": [\n      {\n        \"name\": \"DB_PASSWORD\",\n        \"value\": \"TESTING_PASSWORD\"\n      }\n    ],\n    \"logConfiguration\": {\n      \"logDriver\": \"awslogs\",\n      \"options\": {\n        \"awslogs-group\": \"/ecs/ops-stream-app\",\n        \"awslogs-region\": \"ap-southeast-1\",\n        \"awslogs-stream-prefix\": \"ecs\"\n      }\n    },\n    \"portMappings\": [\n      {\n         \"containerPort\": 80,\n         \"hostPort\": 80\n      }\n    ]\n  }\n]\n",
            "template": "[\n  {\n    \"name\": \"${container_name}\",\n    \"image\": \"${app_image}\",\n    \"cpu\": ${fargate_cpu},\n    \"memory\": ${fargate_memory},\n    \"networkMode\": \"awsvpc\",\n    \"environment\": [\n      {\n        \"name\": \"DB_PASSWORD\",\n        \"value\": \"TESTING_PASSWORD\"\n      }\n    ],\n    \"logConfiguration\": {\n      \"logDriver\": \"awslogs\",\n      \"options\": {\n        \"awslogs-group\": \"/ecs/ops-stream-app\",\n        \"awslogs-region\": \"${aws_region}\",\n        \"awslogs-stream-prefix\": \"ecs\"\n      }\n    },\n    \"portMappings\": [\n      {\n         \"containerPort\": ${app_port},\n         \"hostPort\": ${app_port}\n      }\n    ]\n  }\n]\n",
            "vars": {
              "app_image": "466551463358.dkr.ecr.ap-southeast-1.amazonaws.com/dev-ops-stream:2.0.0",
              "app_port": "80",
              "aws_region": "ap-southeast-1",
              "container_name": "ops-stream-app",
              "fargate_cpu": "1024",
              "fargate_memory": "2048",
              "prefix": "ops-stream"
            }
          }
        }
      ]
    },
    {
      "mode": "managed",
      "type": "aws_alb",
      "name": "ops_stream_lb",
      "provider": "provider.aws",
      "instances": [
        {
          "schema_version": 0,
          "attributes": {
            "access_logs": [
              {
                "bucket": "",
                "enabled": false,
                "prefix": ""
              }
            ],
            "arn": "arn:aws:elasticloadbalancing:ap-southeast-1:466551463358:loadbalancer/app/ops-stream/4aba82b1ee737b9f",
            "arn_suffix": "app/ops-stream/4aba82b1ee737b9f",
            "dns_name": "ops-stream-1605619007.ap-southeast-1.elb.amazonaws.com",
            "drop_invalid_header_fields": false,
            "enable_cross_zone_load_balancing": null,
            "enable_deletion_protection": false,
            "enable_http2": true,
            "id": "arn:aws:elasticloadbalancing:ap-southeast-1:466551463358:loadbalancer/app/ops-stream/4aba82b1ee737b9f",
            "idle_timeout": 60,
            "internal": false,
            "ip_address_type": "ipv4",
            "load_balancer_type": "application",
            "name": "ops-stream",
            "name_prefix": null,
            "security_groups": [
              "sg-03e6aa6fc9fdf8189"
            ],
            "subnet_mapping": [
              {
                "allocation_id": "",
                "subnet_id": "subnet-04872f88b4d25314a"
              },
              {
                "allocation_id": "",
                "subnet_id": "subnet-0ac749aa53aa8dab9"
              },
              {
                "allocation_id": "",
                "subnet_id": "subnet-0e607f14ce3ca93d3"
              }
            ],
            "subnets": [
              "subnet-04872f88b4d25314a",
              "subnet-0ac749aa53aa8dab9",
              "subnet-0e607f14ce3ca93d3"
            ],
            "tags": null,
            "timeouts": null,
            "vpc_id": "vpc-0a52713ccd32ed5f3",
            "zone_id": "Z1LMS91P8CMLE5"
          },
          "private": "eyJlMmJmYjczMC1lY2FhLTExZTYtOGY4OC0zNDM2M2JjN2M0YzAiOnsiY3JlYXRlIjo2MDAwMDAwMDAwMDAsImRlbGV0ZSI6NjAwMDAwMDAwMDAwLCJ1cGRhdGUiOjYwMDAwMDAwMDAwMH19",
          "dependencies": [
            "aws_security_group.lb"
          ]
        }
      ]
    },
    {
      "mode": "managed",
      "type": "aws_alb_listener",
      "name": "front_end_ops_stream",
      "provider": "provider.aws",
      "instances": [
        {
          "schema_version": 0,
          "attributes": {
            "arn": "arn:aws:elasticloadbalancing:ap-southeast-1:466551463358:listener/app/ops-stream/4aba82b1ee737b9f/e869e84804a9326a",
            "certificate_arn": null,
            "default_action": [
              {
                "authenticate_cognito": [],
                "authenticate_oidc": [],
                "fixed_response": [],
                "order": 1,
                "redirect": [],
                "target_group_arn": "arn:aws:elasticloadbalancing:ap-southeast-1:466551463358:targetgroup/ops-stream-target-group/ad7382b3ee34de15",
                "type": "forward"
              }
            ],
            "id": "arn:aws:elasticloadbalancing:ap-southeast-1:466551463358:listener/app/ops-stream/4aba82b1ee737b9f/e869e84804a9326a",
            "load_balancer_arn": "arn:aws:elasticloadbalancing:ap-southeast-1:466551463358:loadbalancer/app/ops-stream/4aba82b1ee737b9f",
            "port": 80,
            "protocol": "HTTP",
            "ssl_policy": "",
            "timeouts": null
          },
          "private": "eyJlMmJmYjczMC1lY2FhLTExZTYtOGY4OC0zNDM2M2JjN2M0YzAiOnsicmVhZCI6NjAwMDAwMDAwMDAwfX0=",
          "dependencies": [
            "aws_alb.ops_stream_lb",
            "aws_alb_target_group.ops_stream_target",
            "aws_security_group.lb"
          ]
        }
      ]
    },
    {
      "mode": "managed",
      "type": "aws_alb_target_group",
      "name": "ops_stream_target",
      "provider": "provider.aws",
      "instances": [
        {
          "schema_version": 0,
          "attributes": {
            "arn": "arn:aws:elasticloadbalancing:ap-southeast-1:466551463358:targetgroup/ops-stream-target-group/ad7382b3ee34de15",
            "arn_suffix": "targetgroup/ops-stream-target-group/ad7382b3ee34de15",
            "deregistration_delay": 300,
            "health_check": [
              {
                "enabled": true,
                "healthy_threshold": 3,
                "interval": 30,
                "matcher": "200",
                "path": "/api/v2/index",
                "port": "traffic-port",
                "protocol": "HTTP",
                "timeout": 3,
                "unhealthy_threshold": 2
              }
            ],
            "id": "arn:aws:elasticloadbalancing:ap-southeast-1:466551463358:targetgroup/ops-stream-target-group/ad7382b3ee34de15",
            "lambda_multi_value_headers_enabled": false,
            "load_balancing_algorithm_type": "round_robin",
            "name": "ops-stream-target-group",
            "name_prefix": null,
            "port": 80,
            "protocol": "HTTP",
            "proxy_protocol_v2": false,
            "slow_start": 0,
            "stickiness": [
              {
                "cookie_duration": 86400,
                "enabled": false,
                "type": "lb_cookie"
              }
            ],
            "tags": null,
            "target_type": "ip",
            "vpc_id": "vpc-0a52713ccd32ed5f3"
          },
          "private": "bnVsbA=="
        }
      ]
    },
    {
      "mode": "managed",
      "type": "aws_appautoscaling_policy",
      "name": "ops_stream_down",
      "provider": "provider.aws",
      "instances": [
        {
          "schema_version": 0,
          "attributes": {
            "adjustment_type": null,
            "arn": "arn:aws:autoscaling:ap-southeast-1:466551463358:scalingPolicy:d0bda0cd-3b97-4771-9a59-fdeac5c2a88d:resource/ecs/service/ops-stream-api-cluster/ops-stream-service:policyName/ops_stream_scale_down",
            "cooldown": null,
            "id": "ops_stream_scale_down",
            "metric_aggregation_type": null,
            "min_adjustment_magnitude": null,
            "name": "ops_stream_scale_down",
            "policy_type": "StepScaling",
            "resource_id": "service/ops-stream-api-cluster/ops-stream-service",
            "scalable_dimension": "ecs:service:DesiredCount",
            "service_namespace": "ecs",
            "step_adjustment": [],
            "step_scaling_policy_configuration": [
              {
                "adjustment_type": "ChangeInCapacity",
                "cooldown": 60,
                "metric_aggregation_type": "Maximum",
                "min_adjustment_magnitude": 0,
                "step_adjustment": [
                  {
                    "metric_interval_lower_bound": "",
                    "metric_interval_upper_bound": "0",
                    "scaling_adjustment": -1
                  }
                ]
              }
            ],
            "target_tracking_scaling_policy_configuration": []
          },
          "private": "bnVsbA==",
          "dependencies": [
            "aws_alb.ops_stream_lb",
            "aws_alb_listener.front_end_ops_stream",
            "aws_alb_target_group.ops_stream_target",
            "aws_appautoscaling_target.ops_stream_target",
            "aws_ecs_cluster.main",
            "aws_ecs_service.ops_stream_main",
            "aws_ecs_task_definition.ops_stream_task_def",
            "aws_iam_role.ecs_task_execution_role",
            "aws_iam_role_policy_attachment.ops_stream_task_execution_role",
            "aws_security_group.ecs_tasks",
            "aws_security_group.lb"
          ]
        }
      ]
    },
    {
      "mode": "managed",
      "type": "aws_appautoscaling_policy",
      "name": "ops_stream_up",
      "provider": "provider.aws",
      "instances": [
        {
          "schema_version": 0,
          "attributes": {
            "adjustment_type": null,
            "arn": "arn:aws:autoscaling:ap-southeast-1:466551463358:scalingPolicy:d0bda0cd-3b97-4771-9a59-fdeac5c2a88d:resource/ecs/service/ops-stream-api-cluster/ops-stream-service:policyName/ops_stream_scale_up",
            "cooldown": null,
            "id": "ops_stream_scale_up",
            "metric_aggregation_type": null,
            "min_adjustment_magnitude": null,
            "name": "ops_stream_scale_up",
            "policy_type": "StepScaling",
            "resource_id": "service/ops-stream-api-cluster/ops-stream-service",
            "scalable_dimension": "ecs:service:DesiredCount",
            "service_namespace": "ecs",
            "step_adjustment": [],
            "step_scaling_policy_configuration": [
              {
                "adjustment_type": "ChangeInCapacity",
                "cooldown": 60,
                "metric_aggregation_type": "Maximum",
                "min_adjustment_magnitude": 0,
                "step_adjustment": [
                  {
                    "metric_interval_lower_bound": "0",
                    "metric_interval_upper_bound": "",
                    "scaling_adjustment": 1
                  }
                ]
              }
            ],
            "target_tracking_scaling_policy_configuration": []
          },
          "private": "bnVsbA==",
          "dependencies": [
            "aws_alb.ops_stream_lb",
            "aws_alb_listener.front_end_ops_stream",
            "aws_alb_target_group.ops_stream_target",
            "aws_appautoscaling_target.ops_stream_target",
            "aws_ecs_cluster.main",
            "aws_ecs_service.ops_stream_main",
            "aws_ecs_task_definition.ops_stream_task_def",
            "aws_iam_role.ecs_task_execution_role",
            "aws_iam_role_policy_attachment.ops_stream_task_execution_role",
            "aws_security_group.ecs_tasks",
            "aws_security_group.lb"
          ]
        }
      ]
    },
    {
      "mode": "managed",
      "type": "aws_appautoscaling_target",
      "name": "ops_stream_target",
      "provider": "provider.aws",
      "instances": [
        {
          "schema_version": 0,
          "attributes": {
            "id": "service/ops-stream-api-cluster/ops-stream-service",
            "max_capacity": 6,
            "min_capacity": 1,
            "resource_id": "service/ops-stream-api-cluster/ops-stream-service",
            "role_arn": "arn:aws:iam::466551463358:role/aws-service-role/ecs.application-autoscaling.amazonaws.com/AWSServiceRoleForApplicationAutoScaling_ECSService",
            "scalable_dimension": "ecs:service:DesiredCount",
            "service_namespace": "ecs"
          },
          "private": "bnVsbA==",
          "dependencies": [
            "aws_alb.ops_stream_lb",
            "aws_alb_listener.front_end_ops_stream",
            "aws_alb_target_group.ops_stream_target",
            "aws_ecs_cluster.main",
            "aws_ecs_service.ops_stream_main",
            "aws_ecs_task_definition.ops_stream_task_def",
            "aws_iam_role.ecs_task_execution_role",
            "aws_iam_role_policy_attachment.ops_stream_task_execution_role",
            "aws_security_group.ecs_tasks",
            "aws_security_group.lb"
          ]
        }
      ]
    },
    {
      "mode": "managed",
      "type": "aws_cloudwatch_log_group",
      "name": "ops_stream_log_group",
      "provider": "provider.aws",
      "instances": [
        {
          "schema_version": 0,
          "attributes": {
            "arn": "arn:aws:logs:ap-southeast-1:466551463358:log-group:/ecs/ops-stream-app:*",
            "id": "/ecs/ops-stream-app",
            "kms_key_id": "",
            "name": "/ecs/ops-stream-app",
            "name_prefix": null,
            "retention_in_days": 30,
            "tags": {
              "Name": "ops-stream-log-group"
            }
          },
          "private": "bnVsbA=="
        }
      ]
    },
    {
      "mode": "managed",
      "type": "aws_cloudwatch_log_stream",
      "name": "ops_stream_log_stream",
      "provider": "provider.aws",
      "instances": [
        {
          "schema_version": 0,
          "attributes": {
            "arn": "arn:aws:logs:ap-southeast-1:466551463358:log-group:/ecs/ops-stream-app:log-stream:ops-stream-log-stream",
            "id": "ops-stream-log-stream",
            "log_group_name": "/ecs/ops-stream-app",
            "name": "ops-stream-log-stream"
          },
          "private": "bnVsbA==",
          "dependencies": [
            "aws_cloudwatch_log_group.ops_stream_log_group"
          ]
        }
      ]
    },
    {
      "mode": "managed",
      "type": "aws_cloudwatch_metric_alarm",
      "name": "ops_stream_service_cpu_high",
      "provider": "provider.aws",
      "instances": [
        {
          "schema_version": 1,
          "attributes": {
            "actions_enabled": true,
            "alarm_actions": [
              "arn:aws:autoscaling:ap-southeast-1:466551463358:scalingPolicy:d0bda0cd-3b97-4771-9a59-fdeac5c2a88d:resource/ecs/service/ops-stream-api-cluster/ops-stream-service:policyName/ops_stream_scale_up"
            ],
            "alarm_description": "",
            "alarm_name": "ops_stream_cpu_utilization_high",
            "arn": "arn:aws:cloudwatch:ap-southeast-1:466551463358:alarm:ops_stream_cpu_utilization_high",
            "comparison_operator": "GreaterThanOrEqualToThreshold",
            "datapoints_to_alarm": 0,
            "dimensions": {
              "ClusterName": "ops-stream-api-cluster",
              "ServiceName": "ops-stream-service"
            },
            "evaluate_low_sample_count_percentiles": "",
            "evaluation_periods": 2,
            "extended_statistic": "",
            "id": "ops_stream_cpu_utilization_high",
            "insufficient_data_actions": null,
            "metric_name": "CPUUtilization",
            "metric_query": [],
            "namespace": "AWS/ECS",
            "ok_actions": null,
            "period": 60,
            "statistic": "Average",
            "tags": null,
            "threshold": 85,
            "threshold_metric_id": "",
            "treat_missing_data": "missing",
            "unit": ""
          },
          "private": "eyJzY2hlbWFfdmVyc2lvbiI6IjEifQ==",
          "dependencies": [
            "aws_alb.ops_stream_lb",
            "aws_alb_listener.front_end_ops_stream",
            "aws_alb_target_group.ops_stream_target",
            "aws_appautoscaling_policy.ops_stream_up",
            "aws_appautoscaling_target.ops_stream_target",
            "aws_ecs_cluster.main",
            "aws_ecs_service.ops_stream_main",
            "aws_ecs_task_definition.ops_stream_task_def",
            "aws_iam_role.ecs_task_execution_role",
            "aws_iam_role_policy_attachment.ops_stream_task_execution_role",
            "aws_security_group.ecs_tasks",
            "aws_security_group.lb"
          ]
        }
      ]
    },
    {
      "mode": "managed",
      "type": "aws_cloudwatch_metric_alarm",
      "name": "ops_stream_service_cpu_low",
      "provider": "provider.aws",
      "instances": [
        {
          "schema_version": 1,
          "attributes": {
            "actions_enabled": true,
            "alarm_actions": [
              "arn:aws:autoscaling:ap-southeast-1:466551463358:scalingPolicy:d0bda0cd-3b97-4771-9a59-fdeac5c2a88d:resource/ecs/service/ops-stream-api-cluster/ops-stream-service:policyName/ops_stream_scale_down"
            ],
            "alarm_description": "",
            "alarm_name": "ops_stream_cpu_utilization_low",
            "arn": "arn:aws:cloudwatch:ap-southeast-1:466551463358:alarm:ops_stream_cpu_utilization_low",
            "comparison_operator": "LessThanOrEqualToThreshold",
            "datapoints_to_alarm": 0,
            "dimensions": {
              "ClusterName": "ops-stream-api-cluster",
              "ServiceName": "ops-stream-service"
            },
            "evaluate_low_sample_count_percentiles": "",
            "evaluation_periods": 2,
            "extended_statistic": "",
            "id": "ops_stream_cpu_utilization_low",
            "insufficient_data_actions": null,
            "metric_name": "CPUUtilization",
            "metric_query": [],
            "namespace": "AWS/ECS",
            "ok_actions": null,
            "period": 60,
            "statistic": "Average",
            "tags": null,
            "threshold": 10,
            "threshold_metric_id": "",
            "treat_missing_data": "missing",
            "unit": ""
          },
          "private": "eyJzY2hlbWFfdmVyc2lvbiI6IjEifQ==",
          "dependencies": [
            "aws_alb.ops_stream_lb",
            "aws_alb_listener.front_end_ops_stream",
            "aws_alb_target_group.ops_stream_target",
            "aws_appautoscaling_policy.ops_stream_down",
            "aws_appautoscaling_target.ops_stream_target",
            "aws_ecs_cluster.main",
            "aws_ecs_service.ops_stream_main",
            "aws_ecs_task_definition.ops_stream_task_def",
            "aws_iam_role.ecs_task_execution_role",
            "aws_iam_role_policy_attachment.ops_stream_task_execution_role",
            "aws_security_group.ecs_tasks",
            "aws_security_group.lb"
          ]
        }
      ]
    },
    {
      "mode": "managed",
      "type": "aws_ecs_cluster",
      "name": "main",
      "provider": "provider.aws",
      "instances": [
        {
          "schema_version": 0,
          "attributes": {
            "arn": "arn:aws:ecs:ap-southeast-1:466551463358:cluster/ops-stream-api-cluster",
            "capacity_providers": null,
            "default_capacity_provider_strategy": [],
            "id": "arn:aws:ecs:ap-southeast-1:466551463358:cluster/ops-stream-api-cluster",
            "name": "ops-stream-api-cluster",
            "setting": [
              {
                "name": "containerInsights",
                "value": "disabled"
              }
            ],
            "tags": null
          },
          "private": "bnVsbA=="
        }
      ]
    },
    {
      "mode": "managed",
      "type": "aws_ecs_service",
      "name": "ops_stream_main",
      "provider": "provider.aws",
      "instances": [
        {
          "schema_version": 0,
          "attributes": {
            "capacity_provider_strategy": [],
            "cluster": "arn:aws:ecs:ap-southeast-1:466551463358:cluster/ops-stream-api-cluster",
            "deployment_controller": [
              {
                "type": "ECS"
              }
            ],
            "deployment_maximum_percent": 200,
            "deployment_minimum_healthy_percent": 100,
            "desired_count": 2,
            "enable_ecs_managed_tags": false,
            "health_check_grace_period_seconds": 0,
            "iam_role": "aws-service-role",
            "id": "arn:aws:ecs:ap-southeast-1:466551463358:service/ops-stream-service",
            "launch_type": "FARGATE",
            "load_balancer": [
              {
                "container_name": "ops-stream-app",
                "container_port": 80,
                "elb_name": "",
                "target_group_arn": "arn:aws:elasticloadbalancing:ap-southeast-1:466551463358:targetgroup/ops-stream-target-group/ad7382b3ee34de15"
              }
            ],
            "name": "ops-stream-service",
            "network_configuration": [
              {
                "assign_public_ip": true,
                "security_groups": [
                  "sg-00d5cdaf913e83292"
                ],
                "subnets": [
                  "subnet-04872f88b4d25314a",
                  "subnet-0ac749aa53aa8dab9",
                  "subnet-0e607f14ce3ca93d3"
                ]
              }
            ],
            "ordered_placement_strategy": [],
            "placement_constraints": [],
            "placement_strategy": [],
            "platform_version": "LATEST",
            "propagate_tags": "NONE",
            "scheduling_strategy": "REPLICA",
            "service_registries": [],
            "tags": null,
            "task_definition": "arn:aws:ecs:ap-southeast-1:466551463358:task-definition/ops-stream-app-task:8"
          },
          "private": "bnVsbA==",
          "dependencies": [
            "aws_alb.ops_stream_lb",
            "aws_alb_listener.front_end_ops_stream",
            "aws_alb_target_group.ops_stream_target",
            "aws_ecs_cluster.main",
            "aws_ecs_task_definition.ops_stream_task_def",
            "aws_iam_role.ecs_task_execution_role",
            "aws_iam_role_policy_attachment.ops_stream_task_execution_role",
            "aws_security_group.ecs_tasks",
            "aws_security_group.lb"
          ]
        }
      ]
    },
    {
      "mode": "managed",
      "type": "aws_ecs_task_definition",
      "name": "ops_stream_task_def",
      "provider": "provider.aws",
      "instances": [
        {
          "schema_version": 1,
          "attributes": {
            "arn": "arn:aws:ecs:ap-southeast-1:466551463358:task-definition/ops-stream-app-task:8",
            "container_definitions": "[{\"cpu\":1024,\"environment\":[{\"name\":\"DB_PASSWORD\",\"value\":\"TESTING_PASSWORD\"}],\"essential\":true,\"image\":\"466551463358.dkr.ecr.ap-southeast-1.amazonaws.com/dev-ops-stream:2.0.0\",\"logConfiguration\":{\"logDriver\":\"awslogs\",\"options\":{\"awslogs-group\":\"/ecs/ops-stream-app\",\"awslogs-region\":\"ap-southeast-1\",\"awslogs-stream-prefix\":\"ecs\"}},\"memory\":2048,\"mountPoints\":[],\"name\":\"ops-stream-app\",\"portMappings\":[{\"containerPort\":80,\"hostPort\":80,\"protocol\":\"tcp\"}],\"volumesFrom\":[]}]",
            "cpu": "1024",
            "execution_role_arn": "arn:aws:iam::466551463358:role/OpsStreamEcsTaskExecutionRole",
            "family": "ops-stream-app-task",
            "id": "ops-stream-app-task",
            "inference_accelerator": [],
            "ipc_mode": "",
            "memory": "2048",
            "network_mode": "awsvpc",
            "pid_mode": "",
            "placement_constraints": [],
            "proxy_configuration": [],
            "requires_compatibilities": [
              "FARGATE"
            ],
            "revision": 8,
            "tags": null,
            "task_role_arn": "",
            "volume": []
          },
          "private": "eyJzY2hlbWFfdmVyc2lvbiI6IjEifQ==",
          "dependencies": [
            "aws_iam_role.ecs_task_execution_role"
          ]
        }
      ]
    },
    {
      "mode": "managed",
      "type": "aws_iam_role",
      "name": "ecs_task_execution_role",
      "provider": "provider.aws",
      "instances": [
        {
          "schema_version": 0,
          "attributes": {
            "arn": "arn:aws:iam::466551463358:role/OpsStreamEcsTaskExecutionRole",
            "assume_role_policy": "{\"Version\":\"2012-10-17\",\"Statement\":[{\"Sid\":\"\",\"Effect\":\"Allow\",\"Principal\":{\"Service\":\"ecs-tasks.amazonaws.com\"},\"Action\":\"sts:AssumeRole\"}]}",
            "create_date": "2020-04-17T02:44:47Z",
            "description": "",
            "force_detach_policies": false,
            "id": "OpsStreamEcsTaskExecutionRole",
            "max_session_duration": 3600,
            "name": "OpsStreamEcsTaskExecutionRole",
            "name_prefix": null,
            "path": "/",
            "permissions_boundary": null,
            "tags": null,
            "unique_id": "AROAWZIFCLW7MNGAFZUFN"
          },
          "private": "bnVsbA=="
        }
      ]
    },
    {
      "mode": "managed",
      "type": "aws_iam_role_policy_attachment",
      "name": "ops_stream_task_execution_role",
      "provider": "provider.aws",
      "instances": [
        {
          "schema_version": 0,
          "attributes": {
            "id": "OpsStreamEcsTaskExecutionRole-20200417024450140800000001",
            "policy_arn": "arn:aws:iam::aws:policy/service-role/AmazonECSTaskExecutionRolePolicy",
            "role": "OpsStreamEcsTaskExecutionRole"
          },
          "private": "bnVsbA==",
          "dependencies": [
            "aws_iam_role.ecs_task_execution_role"
          ]
        }
      ]
    },
    {
      "mode": "managed",
      "type": "aws_security_group",
      "name": "ecs_tasks",
      "provider": "provider.aws",
      "instances": [
        {
          "schema_version": 1,
          "attributes": {
            "arn": "arn:aws:ec2:ap-southeast-1:466551463358:security-group/sg-00d5cdaf913e83292",
            "description": "allow inbound access from the ALB only",
            "egress": [
              {
                "cidr_blocks": [
                  "0.0.0.0/0"
                ],
                "description": "",
                "from_port": 0,
                "ipv6_cidr_blocks": [],
                "prefix_list_ids": [],
                "protocol": "-1",
                "security_groups": [],
                "self": false,
                "to_port": 0
              }
            ],
            "id": "sg-00d5cdaf913e83292",
            "ingress": [
              {
                "cidr_blocks": [],
                "description": "",
                "from_port": 80,
                "ipv6_cidr_blocks": [],
                "prefix_list_ids": [],
                "protocol": "tcp",
                "security_groups": [
                  "sg-03e6aa6fc9fdf8189"
                ],
                "self": false,
                "to_port": 80
              }
            ],
            "name": "ops-stream-ecs-tasks-security-group",
            "name_prefix": null,
            "owner_id": "466551463358",
            "revoke_rules_on_delete": false,
            "tags": null,
            "timeouts": null,
            "vpc_id": "vpc-0a52713ccd32ed5f3"
          },
          "private": "eyJlMmJmYjczMC1lY2FhLTExZTYtOGY4OC0zNDM2M2JjN2M0YzAiOnsiY3JlYXRlIjo2MDAwMDAwMDAwMDAsImRlbGV0ZSI6NjAwMDAwMDAwMDAwfSwic2NoZW1hX3ZlcnNpb24iOiIxIn0=",
          "dependencies": [
            "aws_security_group.lb"
          ]
        }
      ]
    },
    {
      "mode": "managed",
      "type": "aws_security_group",
      "name": "lb",
      "provider": "provider.aws",
      "instances": [
        {
          "schema_version": 1,
          "attributes": {
            "arn": "arn:aws:ec2:ap-southeast-1:466551463358:security-group/sg-03e6aa6fc9fdf8189",
            "description": "controls access to the ALB",
            "egress": [
              {
                "cidr_blocks": [
                  "0.0.0.0/0"
                ],
                "description": "",
                "from_port": 0,
                "ipv6_cidr_blocks": [],
                "prefix_list_ids": [],
                "protocol": "-1",
                "security_groups": [],
                "self": false,
                "to_port": 0
              }
            ],
            "id": "sg-03e6aa6fc9fdf8189",
            "ingress": [
              {
                "cidr_blocks": [
                  "0.0.0.0/0"
                ],
                "description": "",
                "from_port": 80,
                "ipv6_cidr_blocks": [],
                "prefix_list_ids": [],
                "protocol": "tcp",
                "security_groups": [],
                "self": false,
                "to_port": 80
              }
            ],
            "name": "ops-stream-load-balancer-security-group",
            "name_prefix": null,
            "owner_id": "466551463358",
            "revoke_rules_on_delete": false,
            "tags": null,
            "timeouts": null,
            "vpc_id": "vpc-0a52713ccd32ed5f3"
          },
          "private": "eyJlMmJmYjczMC1lY2FhLTExZTYtOGY4OC0zNDM2M2JjN2M0YzAiOnsiY3JlYXRlIjo2MDAwMDAwMDAwMDAsImRlbGV0ZSI6NjAwMDAwMDAwMDAwfSwic2NoZW1hX3ZlcnNpb24iOiIxIn0="
        }
      ]
    }
  ]
}
